// !$*UTF8*$!
{
	archiveVersion = 1;
	classes = {
	};
	objectVersion = 50;
	objects = {

/* Begin PBXBuildFile section */
		869F4C6E227D223B00C6B221 /* AppDelegate.swift in Sources */ = {isa = PBXBuildFile; fileRef = 869F4C6D227D223B00C6B221 /* AppDelegate.swift */; };
		869F4C70227D226900C6B221 /* ViewController.swift in Sources */ = {isa = PBXBuildFile; fileRef = 869F4C6F227D226900C6B221 /* ViewController.swift */; };
		86BC442A227D0B6F00659E66 /* Assets.xcassets in Resources */ = {isa = PBXBuildFile; fileRef = 86BC4429227D0B6F00659E66 /* Assets.xcassets */; };
		86BC4442227D0BA200659E66 /* Device.swift in Sources */ = {isa = PBXBuildFile; fileRef = 86BC4435227D0BA200659E66 /* Device.swift */; };
		86BC4443227D0BA300659E66 /* SaverError.swift in Sources */ = {isa = PBXBuildFile; fileRef = 86BC4436227D0BA200659E66 /* SaverError.swift */; };
		86BC4444227D0BA300659E66 /* BlobSaver.swift in Sources */ = {isa = PBXBuildFile; fileRef = 86BC4437227D0BA200659E66 /* BlobSaver.swift */; };
		86BC4445227D0BA300659E66 /* Main.storyboard in Resources */ = {isa = PBXBuildFile; fileRef = 86BC4438227D0BA200659E66 /* Main.storyboard */; };
		86BC4446227D0BA300659E66 /* Blob.swift in Sources */ = {isa = PBXBuildFile; fileRef = 86BC4439227D0BA200659E66 /* Blob.swift */; };
		86BC4447227D0BA300659E66 /* ProgressHUD.swift in Sources */ = {isa = PBXBuildFile; fileRef = 86BC443B227D0BA200659E66 /* ProgressHUD.swift */; };
		86BC4448227D0BA300659E66 /* API.swift in Sources */ = {isa = PBXBuildFile; fileRef = 86BC443C227D0BA200659E66 /* API.swift */; };
		86BC444A227D0BA300659E66 /* CwlSysctl.swift in Sources */ = {isa = PBXBuildFile; fileRef = 86BC443E227D0BA200659E66 /* CwlSysctl.swift */; };
		86BC444C227D0BA300659E66 /* LaunchScreen.storyboard in Resources */ = {isa = PBXBuildFile; fileRef = 86BC4440227D0BA200659E66 /* LaunchScreen.storyboard */; };
		86BC444F227D113600659E66 /* InitialViewController.swift in Sources */ = {isa = PBXBuildFile; fileRef = 86BC444E227D113600659E66 /* InitialViewController.swift */; };
		86BC4451227D128800659E66 /* Overrides.swift in Sources */ = {isa = PBXBuildFile; fileRef = 86BC4450227D128800659E66 /* Overrides.swift */; };
		86BC4453227D12C800659E66 /* ECIDViewController.swift in Sources */ = {isa = PBXBuildFile; fileRef = 86BC4452227D12C800659E66 /* ECIDViewController.swift */; };
/* End PBXBuildFile section */

/* Begin PBXFileReference section */
		869F4C6D227D223B00C6B221 /* AppDelegate.swift */ = {isa = PBXFileReference; fileEncoding = 4; lastKnownFileType = sourcecode.swift; path = AppDelegate.swift; sourceTree = "<group>"; };
		869F4C6F227D226900C6B221 /* ViewController.swift */ = {isa = PBXFileReference; fileEncoding = 4; lastKnownFileType = sourcecode.swift; path = ViewController.swift; sourceTree = "<group>"; };
		86BC441F227D0B6E00659E66 /* TssSaver.app */ = {isa = PBXFileReference; explicitFileType = wrapper.application; includeInIndex = 0; path = TssSaver.app; sourceTree = BUILT_PRODUCTS_DIR; };
		86BC4429227D0B6F00659E66 /* Assets.xcassets */ = {isa = PBXFileReference; lastKnownFileType = folder.assetcatalog; path = Assets.xcassets; sourceTree = "<group>"; };
		86BC442E227D0B6F00659E66 /* Info.plist */ = {isa = PBXFileReference; lastKnownFileType = text.plist.xml; path = Info.plist; sourceTree = "<group>"; };
		86BC4434227D0BA100659E66 /* TssSaver-Bridging-Header.h */ = {isa = PBXFileReference; lastKnownFileType = sourcecode.c.h; path = "TssSaver-Bridging-Header.h"; sourceTree = "<group>"; };
		86BC4435227D0BA200659E66 /* Device.swift */ = {isa = PBXFileReference; fileEncoding = 4; lastKnownFileType = sourcecode.swift; path = Device.swift; sourceTree = "<group>"; };
		86BC4436227D0BA200659E66 /* SaverError.swift */ = {isa = PBXFileReference; fileEncoding = 4; lastKnownFileType = sourcecode.swift; path = SaverError.swift; sourceTree = "<group>"; };
		86BC4437227D0BA200659E66 /* BlobSaver.swift */ = {isa = PBXFileReference; fileEncoding = 4; lastKnownFileType = sourcecode.swift; path = BlobSaver.swift; sourceTree = "<group>"; };
		86BC4438227D0BA200659E66 /* Main.storyboard */ = {isa = PBXFileReference; fileEncoding = 4; lastKnownFileType = file.storyboard; path = Main.storyboard; sourceTree = "<group>"; };
		86BC4439227D0BA200659E66 /* Blob.swift */ = {isa = PBXFileReference; fileEncoding = 4; lastKnownFileType = sourcecode.swift; path = Blob.swift; sourceTree = "<group>"; };
		86BC443B227D0BA200659E66 /* ProgressHUD.swift */ = {isa = PBXFileReference; fileEncoding = 4; lastKnownFileType = sourcecode.swift; path = ProgressHUD.swift; sourceTree = "<group>"; };
		86BC443C227D0BA200659E66 /* API.swift */ = {isa = PBXFileReference; fileEncoding = 4; lastKnownFileType = sourcecode.swift; path = API.swift; sourceTree = "<group>"; };
		86BC443E227D0BA200659E66 /* CwlSysctl.swift */ = {isa = PBXFileReference; fileEncoding = 4; lastKnownFileType = sourcecode.swift; path = CwlSysctl.swift; sourceTree = "<group>"; };
		86BC4440227D0BA200659E66 /* LaunchScreen.storyboard */ = {isa = PBXFileReference; fileEncoding = 4; lastKnownFileType = file.storyboard; path = LaunchScreen.storyboard; sourceTree = "<group>"; };
		86BC444E227D113600659E66 /* InitialViewController.swift */ = {isa = PBXFileReference; lastKnownFileType = sourcecode.swift; path = InitialViewController.swift; sourceTree = "<group>"; };
		86BC4450227D128800659E66 /* Overrides.swift */ = {isa = PBXFileReference; lastKnownFileType = sourcecode.swift; path = Overrides.swift; sourceTree = "<group>"; };
		86BC4452227D12C800659E66 /* ECIDViewController.swift */ = {isa = PBXFileReference; lastKnownFileType = sourcecode.swift; path = ECIDViewController.swift; sourceTree = "<group>"; };
/* End PBXFileReference section */

/* Begin PBXFrameworksBuildPhase section */
		86BC441C227D0B6E00659E66 /* Frameworks */ = {
			isa = PBXFrameworksBuildPhase;
			buildActionMask = 2147483647;
			files = (
			);
			runOnlyForDeploymentPostprocessing = 0;
		};
/* End PBXFrameworksBuildPhase section */

/* Begin PBXGroup section */
		86BC4416227D0B6E00659E66 = {
			isa = PBXGroup;
			children = (
				86BC4421227D0B6E00659E66 /* TssSaver */,
				86BC4420227D0B6E00659E66 /* Products */,
			);
			sourceTree = "<group>";
		};
		86BC4420227D0B6E00659E66 /* Products */ = {
			isa = PBXGroup;
			children = (
				86BC441F227D0B6E00659E66 /* TssSaver.app */,
			);
			name = Products;
			sourceTree = "<group>";
		};
		86BC4421227D0B6E00659E66 /* TssSaver */ = {
			isa = PBXGroup;
			children = (
				86BC4440227D0BA200659E66 /* LaunchScreen.storyboard */,
				869F4C6F227D226900C6B221 /* ViewController.swift */,
				869F4C6D227D223B00C6B221 /* AppDelegate.swift */,
				86BC443C227D0BA200659E66 /* API.swift */,
				86BC4439227D0BA200659E66 /* Blob.swift */,
				86BC4437227D0BA200659E66 /* BlobSaver.swift */,
				86BC443E227D0BA200659E66 /* CwlSysctl.swift */,
				86BC4435227D0BA200659E66 /* Device.swift */,
				86BC4438227D0BA200659E66 /* Main.storyboard */,
				86BC443B227D0BA200659E66 /* ProgressHUD.swift */,
				86BC4436227D0BA200659E66 /* SaverError.swift */,
				86BC4429227D0B6F00659E66 /* Assets.xcassets */,
				86BC442E227D0B6F00659E66 /* Info.plist */,
				86BC4434227D0BA100659E66 /* TssSaver-Bridging-Header.h */,
				86BC444E227D113600659E66 /* InitialViewController.swift */,
				86BC4450227D128800659E66 /* Overrides.swift */,
				86BC4452227D12C800659E66 /* ECIDViewController.swift */,
			);
			path = TssSaver;
			sourceTree = "<group>";
		};
/* End PBXGroup section */

/* Begin PBXNativeTarget section */
		86BC441E227D0B6E00659E66 /* TssSaver */ = {
			isa = PBXNativeTarget;
			buildConfigurationList = 86BC4431227D0B6F00659E66 /* Build configuration list for PBXNativeTarget "TssSaver" */;
			buildPhases = (
				86BC441B227D0B6E00659E66 /* Sources */,
				86BC441C227D0B6E00659E66 /* Frameworks */,
				86BC441D227D0B6E00659E66 /* Resources */,
			);
			buildRules = (
			);
			dependencies = (
			);
			name = TssSaver;
			productName = TssSaver;
			productReference = 86BC441F227D0B6E00659E66 /* TssSaver.app */;
			productType = "com.apple.product-type.application";
		};
/* End PBXNativeTarget section */

/* Begin PBXProject section */
		86BC4417227D0B6E00659E66 /* Project object */ = {
			isa = PBXProject;
			attributes = {
				LastSwiftUpdateCheck = 1020;
				LastUpgradeCheck = 1020;
				ORGANIZATIONNAME = "Ben Mitchell";
				TargetAttributes = {
					86BC441E227D0B6E00659E66 = {
						CreatedOnToolsVersion = 10.2.1;
						LastSwiftMigration = 1020;
					};
				};
			};
			buildConfigurationList = 86BC441A227D0B6E00659E66 /* Build configuration list for PBXProject "TssSaver" */;
			compatibilityVersion = "Xcode 9.3";
			developmentRegion = en;
			hasScannedForEncodings = 0;
			knownRegions = (
				en,
				Base,
			);
			mainGroup = 86BC4416227D0B6E00659E66;
			productRefGroup = 86BC4420227D0B6E00659E66 /* Products */;
			projectDirPath = "";
			projectRoot = "";
			targets = (
				86BC441E227D0B6E00659E66 /* TssSaver */,
			);
		};
/* End PBXProject section */

/* Begin PBXResourcesBuildPhase section */
		86BC441D227D0B6E00659E66 /* Resources */ = {
			isa = PBXResourcesBuildPhase;
			buildActionMask = 2147483647;
			files = (
				86BC442A227D0B6F00659E66 /* Assets.xcassets in Resources */,
				86BC444C227D0BA300659E66 /* LaunchScreen.storyboard in Resources */,
				86BC4445227D0BA300659E66 /* Main.storyboard in Resources */,
			);
			runOnlyForDeploymentPostprocessing = 0;
		};
/* End PBXResourcesBuildPhase section */

/* Begin PBXSourcesBuildPhase section */
		86BC441B227D0B6E00659E66 /* Sources */ = {
			isa = PBXSourcesBuildPhase;
			buildActionMask = 2147483647;
			files = (
				869F4C6E227D223B00C6B221 /* AppDelegate.swift in Sources */,
				86BC4446227D0BA300659E66 /* Blob.swift in Sources */,
				86BC444A227D0BA300659E66 /* CwlSysctl.swift in Sources */,
				86BC4442227D0BA200659E66 /* Device.swift in Sources */,
				86BC444F227D113600659E66 /* InitialViewController.swift in Sources */,
				86BC4443227D0BA300659E66 /* SaverError.swift in Sources */,
				869F4C70227D226900C6B221 /* ViewController.swift in Sources */,
				86BC4453227D12C800659E66 /* ECIDViewController.swift in Sources */,
				86BC4444227D0BA300659E66 /* BlobSaver.swift in Sources */,
				86BC4448227D0BA300659E66 /* API.swift in Sources */,
				86BC4451227D128800659E66 /* Overrides.swift in Sources */,
				86BC4447227D0BA300659E66 /* ProgressHUD.swift in Sources */,
			);
			runOnlyForDeploymentPostprocessing = 0;
		};
/* End PBXSourcesBuildPhase section */

/* Begin XCBuildConfiguration section */
		86BC442F227D0B6F00659E66 /* Debug */ = {
			isa = XCBuildConfiguration;
			buildSettings = {
				ALWAYS_SEARCH_USER_PATHS = NO;
				CLANG_ANALYZER_NONNULL = YES;
				CLANG_ANALYZER_NUMBER_OBJECT_CONVERSION = YES_AGGRESSIVE;
				CLANG_CXX_LANGUAGE_STANDARD = "gnu++14";
				CLANG_CXX_LIBRARY = "libc++";
				CLANG_ENABLE_MODULES = YES;
				CLANG_ENABLE_OBJC_ARC = YES;
				CLANG_ENABLE_OBJC_WEAK = YES;
				CLANG_WARN_BLOCK_CAPTURE_AUTORELEASING = YES;
				CLANG_WARN_BOOL_CONVERSION = YES;
				CLANG_WARN_COMMA = YES;
				CLANG_WARN_CONSTANT_CONVERSION = YES;
				CLANG_WARN_DEPRECATED_OBJC_IMPLEMENTATIONS = YES;
				CLANG_WARN_DIRECT_OBJC_ISA_USAGE = YES_ERROR;
				CLANG_WARN_DOCUMENTATION_COMMENTS = YES;
				CLANG_WARN_EMPTY_BODY = YES;
				CLANG_WARN_ENUM_CONVERSION = YES;
				CLANG_WARN_INFINITE_RECURSION = YES;
				CLANG_WARN_INT_CONVERSION = YES;
				CLANG_WARN_NON_LITERAL_NULL_CONVERSION = YES;
				CLANG_WARN_OBJC_IMPLICIT_RETAIN_SELF = YES;
				CLANG_WARN_OBJC_LITERAL_CONVERSION = YES;
				CLANG_WARN_OBJC_ROOT_CLASS = YES_ERROR;
				CLANG_WARN_RANGE_LOOP_ANALYSIS = YES;
				CLANG_WARN_STRICT_PROTOTYPES = YES;
				CLANG_WARN_SUSPICIOUS_MOVE = YES;
				CLANG_WARN_UNGUARDED_AVAILABILITY = YES_AGGRESSIVE;
				CLANG_WARN_UNREACHABLE_CODE = YES;
				CLANG_WARN__DUPLICATE_METHOD_MATCH = YES;
				CODE_SIGN_IDENTITY = "iPhone Developer";
				COPY_PHASE_STRIP = NO;
				DEBUG_INFORMATION_FORMAT = dwarf;
				ENABLE_STRICT_OBJC_MSGSEND = YES;
				ENABLE_TESTABILITY = YES;
				GCC_C_LANGUAGE_STANDARD = gnu11;
				GCC_DYNAMIC_NO_PIC = NO;
				GCC_NO_COMMON_BLOCKS = YES;
				GCC_OPTIMIZATION_LEVEL = 0;
				GCC_PREPROCESSOR_DEFINITIONS = (
					"DEBUG=1",
					"$(inherited)",
				);
				GCC_WARN_64_TO_32_BIT_CONVERSION = YES;
				GCC_WARN_ABOUT_RETURN_TYPE = YES_ERROR;
				GCC_WARN_UNDECLARED_SELECTOR = YES;
				GCC_WARN_UNINITIALIZED_AUTOS = YES_AGGRESSIVE;
				GCC_WARN_UNUSED_FUNCTION = YES;
				GCC_WARN_UNUSED_VARIABLE = YES;
				IPHONEOS_DEPLOYMENT_TARGET = 12.2;
				MTL_ENABLE_DEBUG_INFO = INCLUDE_SOURCE;
				MTL_FAST_MATH = YES;
				ONLY_ACTIVE_ARCH = YES;
				SDKROOT = iphoneos;
				SWIFT_ACTIVE_COMPILATION_CONDITIONS = DEBUG;
				SWIFT_OPTIMIZATION_LEVEL = "-Onone";
			};
			name = Debug;
		};
		86BC4430227D0B6F00659E66 /* Release */ = {
			isa = XCBuildConfiguration;
			buildSettings = {
				ALWAYS_SEARCH_USER_PATHS = NO;
				CLANG_ANALYZER_NONNULL = YES;
				CLANG_ANALYZER_NUMBER_OBJECT_CONVERSION = YES_AGGRESSIVE;
				CLANG_CXX_LANGUAGE_STANDARD = "gnu++14";
				CLANG_CXX_LIBRARY = "libc++";
				CLANG_ENABLE_MODULES = YES;
				CLANG_ENABLE_OBJC_ARC = YES;
				CLANG_ENABLE_OBJC_WEAK = YES;
				CLANG_WARN_BLOCK_CAPTURE_AUTORELEASING = YES;
				CLANG_WARN_BOOL_CONVERSION = YES;
				CLANG_WARN_COMMA = YES;
				CLANG_WARN_CONSTANT_CONVERSION = YES;
				CLANG_WARN_DEPRECATED_OBJC_IMPLEMENTATIONS = YES;
				CLANG_WARN_DIRECT_OBJC_ISA_USAGE = YES_ERROR;
				CLANG_WARN_DOCUMENTATION_COMMENTS = YES;
				CLANG_WARN_EMPTY_BODY = YES;
				CLANG_WARN_ENUM_CONVERSION = YES;
				CLANG_WARN_INFINITE_RECURSION = YES;
				CLANG_WARN_INT_CONVERSION = YES;
				CLANG_WARN_NON_LITERAL_NULL_CONVERSION = YES;
				CLANG_WARN_OBJC_IMPLICIT_RETAIN_SELF = YES;
				CLANG_WARN_OBJC_LITERAL_CONVERSION = YES;
				CLANG_WARN_OBJC_ROOT_CLASS = YES_ERROR;
				CLANG_WARN_RANGE_LOOP_ANALYSIS = YES;
				CLANG_WARN_STRICT_PROTOTYPES = YES;
				CLANG_WARN_SUSPICIOUS_MOVE = YES;
				CLANG_WARN_UNGUARDED_AVAILABILITY = YES_AGGRESSIVE;
				CLANG_WARN_UNREACHABLE_CODE = YES;
				CLANG_WARN__DUPLICATE_METHOD_MATCH = YES;
				CODE_SIGN_IDENTITY = "iPhone Developer";
				COPY_PHASE_STRIP = NO;
				DEBUG_INFORMATION_FORMAT = "dwarf-with-dsym";
				ENABLE_NS_ASSERTIONS = NO;
				ENABLE_STRICT_OBJC_MSGSEND = YES;
				GCC_C_LANGUAGE_STANDARD = gnu11;
				GCC_NO_COMMON_BLOCKS = YES;
				GCC_WARN_64_TO_32_BIT_CONVERSION = YES;
				GCC_WARN_ABOUT_RETURN_TYPE = YES_ERROR;
				GCC_WARN_UNDECLARED_SELECTOR = YES;
				GCC_WARN_UNINITIALIZED_AUTOS = YES_AGGRESSIVE;
				GCC_WARN_UNUSED_FUNCTION = YES;
				GCC_WARN_UNUSED_VARIABLE = YES;
				IPHONEOS_DEPLOYMENT_TARGET = 12.2;
				MTL_ENABLE_DEBUG_INFO = NO;
				MTL_FAST_MATH = YES;
				SDKROOT = iphoneos;
				SWIFT_COMPILATION_MODE = wholemodule;
				SWIFT_OPTIMIZATION_LEVEL = "-O";
				VALIDATE_PRODUCT = YES;
			};
			name = Release;
		};
		86BC4432227D0B6F00659E66 /* Debug */ = {
			isa = XCBuildConfiguration;
			buildSettings = {
				ASSETCATALOG_COMPILER_APPICON_NAME = AppIcon;
				CLANG_ENABLE_MODULES = YES;
				CODE_SIGN_STYLE = Automatic;
				DEVELOPMENT_TEAM = Q758D2PLHU;
				INFOPLIST_FILE = TssSaver/Info.plist;
				LD_RUNPATH_SEARCH_PATHS = (
					"$(inherited)",
					"@executable_path/Frameworks",
				);
				PRODUCT_BUNDLE_IDENTIFIER = xyz.benmitchell.TssSaver;
				PRODUCT_NAME = "$(TARGET_NAME)";
				SWIFT_OBJC_BRIDGING_HEADER = "TssSaver/TssSaver-Bridging-Header.h";
				SWIFT_OPTIMIZATION_LEVEL = "-Onone";
				SWIFT_VERSION = 5.0;
				TARGETED_DEVICE_FAMILY = "1,2";
			};
			name = Debug;
		};
		86BC4433227D0B6F00659E66 /* Release */ = {
			isa = XCBuildConfiguration;
			buildSettings = {
				ASSETCATALOG_COMPILER_APPICON_NAME = AppIcon;
				CLANG_ENABLE_MODULES = YES;
				CODE_SIGN_STYLE = Automatic;
				DEVELOPMENT_TEAM = Q758D2PLHU;
				INFOPLIST_FILE = TssSaver/Info.plist;
				LD_RUNPATH_SEARCH_PATHS = (
					"$(inherited)",
					"@executable_path/Frameworks",
				);
				PRODUCT_BUNDLE_IDENTIFIER = xyz.benmitchell.TssSaver;
				PRODUCT_NAME = "$(TARGET_NAME)";
				SWIFT_OBJC_BRIDGING_HEADER = "TssSaver/TssSaver-Bridging-Header.h";
				SWIFT_VERSION = 5.0;
				TARGETED_DEVICE_FAMILY = "1,2";
			};
			name = Release;
		};
/* End XCBuildConfiguration section */

/* Begin XCConfigurationList section */
		86BC441A227D0B6E00659E66 /* Build configuration list for PBXProject "TssSaver" */ = {
			isa = XCConfigurationList;
			buildConfigurations = (
				86BC442F227D0B6F00659E66 /* Debug */,
				86BC4430227D0B6F00659E66 /* Release */,
			);
			defaultConfigurationIsVisible = 0;
			defaultConfigurationName = Release;
		};
		86BC4431227D0B6F00659E66 /* Build configuration list for PBXNativeTarget "TssSaver" */ = {
			isa = XCConfigurationList;
			buildConfigurations = (
				86BC4432227D0B6F00659E66 /* Debug */,
				86BC4433227D0B6F00659E66 /* Release */,
			);
			defaultConfigurationIsVisible = 0;
			defaultConfigurationName = Release;
		};
/* End XCConfigurationList section */
	};
	rootObject = 86BC4417227D0B6E00659E66 /* Project object */;
}
